
Microsoft Visual Studio Solution File, Format Version 12.00
# Visual Studio 15
VisualStudioVersion = 15.0.26430.6
MinimumVisualStudioVersion = 10.0.40219.1
Project("{FAE04EC0-301F-11D3-BF4B-00C04F79EFBC}") = "AlfredoRevillaBairesdevChallengeConsole", "AlfredoRevillaBairesdevChallengeConsole.csproj", "{BBE1E53B-D2CD-44FE-8311-961496AB17AA}"
EndProject
Global
	GlobalSection(SolutionConfigurationPlatforms) = preSolution
		Debug|Any CPU = Debug|Any CPU
		Release|Any CPU = Release|Any CPU
	EndGlobalSection
	GlobalSection(ProjectConfigurationPlatforms) = postSolution
		{BBE1E53B-D2CD-44FE-8311-961496AB17AA}.Debug|Any CPU.ActiveCfg = Debug|Any CPU
		{BBE1E53B-D2CD-44FE-8311-961496AB17AA}.Debug|Any CPU.Build.0 = Debug|Any CPU
		{BBE1E53B-D2CD-44FE-8311-961496AB17AA}.Release|Any CPU.ActiveCfg = Release|Any CPU
		{BBE1E53B-D2CD-44FE-8311-961496AB17AA}.Release|Any CPU.Build.0 = Release|Any CPU
	EndGlobalSection
	GlobalSection(SolutionProperties) = preSolution
		HideSolutionNode = FALSE
	EndGlobalSection
EndGlobal
