
Microsoft Visual Studio Solution File, Format Version 12.00
# Visual Studio 15
VisualStudioVersion = 15.0.26430.6
MinimumVisualStudioVersion = 10.0.40219.1
Project("{9A19103F-16F7-4668-BE54-9A1E7A4F7556}") = "AlfredoRevillaBairesdevChallengeConsole", "AlfredoRevillaBairesdevChallengeConsole.csproj", "{BBE1E53B-D2CD-44FE-8311-961496AB17AA}"
EndProject
Project("{9A19103F-16F7-4668-BE54-9A1E7A4F7556}") = "AlfredoRevillaBairesdevChallenge.Tests", "..\..\test\AlfredoRevillaBairesdevChallenge.Tests\AlfredoRevillaBairesdevChallenge.Tests.csproj", "{C2A7A0B3-7840-4D93-ABC8-D028A0FFDA36}"
EndProject
Project("{9A19103F-16F7-4668-BE54-9A1E7A4F7556}") = "AlfredoRevillaBairesdevChallenge.Core", "..\AlfredoRevillaBairesdevChallenge.Core\AlfredoRevillaBairesdevChallenge.Core.csproj", "{75E1BA28-D9E2-4BF4-8D4E-65FA391F19EA}"
EndProject
Project("{FAE04EC0-301F-11D3-BF4B-00C04F79EFBC}") = "AlfredoRevillaBairesdevChallengeConsole.Tests", "..\..\test\AlfredoRevillaBairesdevChallengeConsole.Tests\AlfredoRevillaBairesdevChallengeConsole.Tests.csproj", "{16EBC29B-049D-4382-A1CA-CDF35E204910}"
EndProject
Global
	GlobalSection(SolutionConfigurationPlatforms) = preSolution
		Debug|Any CPU = Debug|Any CPU
		Release|Any CPU = Release|Any CPU
	EndGlobalSection
	GlobalSection(ProjectConfigurationPlatforms) = postSolution
		{BBE1E53B-D2CD-44FE-8311-961496AB17AA}.Debug|Any CPU.ActiveCfg = Debug|Any CPU
		{BBE1E53B-D2CD-44FE-8311-961496AB17AA}.Debug|Any CPU.Build.0 = Debug|Any CPU
		{BBE1E53B-D2CD-44FE-8311-961496AB17AA}.Release|Any CPU.ActiveCfg = Release|Any CPU
		{BBE1E53B-D2CD-44FE-8311-961496AB17AA}.Release|Any CPU.Build.0 = Release|Any CPU
		{C2A7A0B3-7840-4D93-ABC8-D028A0FFDA36}.Debug|Any CPU.ActiveCfg = Debug|Any CPU
		{C2A7A0B3-7840-4D93-ABC8-D028A0FFDA36}.Debug|Any CPU.Build.0 = Debug|Any CPU
		{C2A7A0B3-7840-4D93-ABC8-D028A0FFDA36}.Release|Any CPU.ActiveCfg = Release|Any CPU
		{C2A7A0B3-7840-4D93-ABC8-D028A0FFDA36}.Release|Any CPU.Build.0 = Release|Any CPU
		{75E1BA28-D9E2-4BF4-8D4E-65FA391F19EA}.Debug|Any CPU.ActiveCfg = Debug|Any CPU
		{75E1BA28-D9E2-4BF4-8D4E-65FA391F19EA}.Debug|Any CPU.Build.0 = Debug|Any CPU
		{75E1BA28-D9E2-4BF4-8D4E-65FA391F19EA}.Release|Any CPU.ActiveCfg = Release|Any CPU
		{75E1BA28-D9E2-4BF4-8D4E-65FA391F19EA}.Release|Any CPU.Build.0 = Release|Any CPU
		{16EBC29B-049D-4382-A1CA-CDF35E204910}.Debug|Any CPU.ActiveCfg = Debug|Any CPU
		{16EBC29B-049D-4382-A1CA-CDF35E204910}.Debug|Any CPU.Build.0 = Debug|Any CPU
		{16EBC29B-049D-4382-A1CA-CDF35E204910}.Release|Any CPU.ActiveCfg = Release|Any CPU
		{16EBC29B-049D-4382-A1CA-CDF35E204910}.Release|Any CPU.Build.0 = Release|Any CPU
	EndGlobalSection
	GlobalSection(SolutionProperties) = preSolution
		HideSolutionNode = FALSE
	EndGlobalSection
EndGlobal
